
Microsoft Visual Studio Solution File, Format Version 12.00
# Visual Studio 15
VisualStudioVersion = 15.0.28307.960
MinimumVisualStudioVersion = 10.0.40219.1
Project("{FAE04EC0-301F-11D3-BF4B-00C04F79EFBC}") = "SimpleCMS_Server", "SimpleCMS_Server\SimpleCMS_Server.csproj", "{DB54E4D3-995A-4CC9-BA35-A0424E96ECB2}"
EndProject
Global
	GlobalSection(SolutionConfigurationPlatforms) = preSolution
		Debug|Any CPU = Debug|Any CPU
		Release|Any CPU = Release|Any CPU
	EndGlobalSection
	GlobalSection(ProjectConfigurationPlatforms) = postSolution
		{DB54E4D3-995A-4CC9-BA35-A0424E96ECB2}.Debug|Any CPU.ActiveCfg = Debug|Any CPU
		{DB54E4D3-995A-4CC9-BA35-A0424E96ECB2}.Debug|Any CPU.Build.0 = Debug|Any CPU
		{DB54E4D3-995A-4CC9-BA35-A0424E96ECB2}.Release|Any CPU.ActiveCfg = Release|Any CPU
		{DB54E4D3-995A-4CC9-BA35-A0424E96ECB2}.Release|Any CPU.Build.0 = Release|Any CPU
	EndGlobalSection
	GlobalSection(SolutionProperties) = preSolution
		HideSolutionNode = FALSE
	EndGlobalSection
	GlobalSection(ExtensibilityGlobals) = postSolution
		SolutionGuid = {C72C1711-13D0-4B7C-A9F9-F840E5B8CD32}
	EndGlobalSection
EndGlobal
